
Microsoft Visual Studio Solution File, Format Version 12.00
# Visual Studio Version 16
VisualStudioVersion = 16.0.31313.79
MinimumVisualStudioVersion = 10.0.40219.1
Project("{FAE04EC0-301F-11D3-BF4B-00C04F79EFBC}") = "VehicleInventory", "WindowsFormsControlLibrary1\VehicleInventory.csproj", "{8FDC9C1E-6613-49EC-9312-3C26BE59F338}"
EndProject
Global
	GlobalSection(SolutionConfigurationPlatforms) = preSolution
		Debug|Any CPU = Debug|Any CPU
		Release|Any CPU = Release|Any CPU
	EndGlobalSection
	GlobalSection(ProjectConfigurationPlatforms) = postSolution
		{8FDC9C1E-6613-49EC-9312-3C26BE59F338}.Debug|Any CPU.ActiveCfg = Debug|Any CPU
		{8FDC9C1E-6613-49EC-9312-3C26BE59F338}.Debug|Any CPU.Build.0 = Debug|Any CPU
		{8FDC9C1E-6613-49EC-9312-3C26BE59F338}.Release|Any CPU.ActiveCfg = Release|Any CPU
		{8FDC9C1E-6613-49EC-9312-3C26BE59F338}.Release|Any CPU.Build.0 = Release|Any CPU
	EndGlobalSection
	GlobalSection(SolutionProperties) = preSolution
		HideSolutionNode = FALSE
	EndGlobalSection
	GlobalSection(ExtensibilityGlobals) = postSolution
		SolutionGuid = {87FEC10C-7F94-495F-ADAC-2353EC952CCA}
	EndGlobalSection
EndGlobal
